
Microsoft Visual Studio Solution File, Format Version 12.00
# Visual Studio 15
VisualStudioVersion = 15.0.28010.2003
MinimumVisualStudioVersion = 10.0.40219.1
Project("{FAE04EC0-301F-11D3-BF4B-00C04F79EFBC}") = "SincronizadorRedCoopcentral", "SincronizadorRedCoopcentral\SincronizadorRedCoopcentral.csproj", "{FF07AF86-05A4-457C-9682-F1998DB3278E}"
EndProject
Global
	GlobalSection(SolutionConfigurationPlatforms) = preSolution
		Debug|Any CPU = Debug|Any CPU
		Release|Any CPU = Release|Any CPU
	EndGlobalSection
	GlobalSection(ProjectConfigurationPlatforms) = postSolution
		{FF07AF86-05A4-457C-9682-F1998DB3278E}.Debug|Any CPU.ActiveCfg = Debug|Any CPU
		{FF07AF86-05A4-457C-9682-F1998DB3278E}.Debug|Any CPU.Build.0 = Debug|Any CPU
		{FF07AF86-05A4-457C-9682-F1998DB3278E}.Release|Any CPU.ActiveCfg = Release|Any CPU
		{FF07AF86-05A4-457C-9682-F1998DB3278E}.Release|Any CPU.Build.0 = Release|Any CPU
	EndGlobalSection
	GlobalSection(SolutionProperties) = preSolution
		HideSolutionNode = FALSE
	EndGlobalSection
	GlobalSection(ExtensibilityGlobals) = postSolution
		SolutionGuid = {46608FC6-2A6C-4AF5-8E5E-C310EAAD7E48}
	EndGlobalSection
EndGlobal
